
Microsoft Visual Studio Solution File, Format Version 12.00
Project("{FAE04EC0-301F-11D3-BF4B-00C04F79EFBC}") = "Server", "Server\Server.csproj", "{53066D1C-E71B-4A01-9E59-A0AD5F50B62D}"
EndProject
Project("{FAE04EC0-301F-11D3-BF4B-00C04F79EFBC}") = "Client", "Client\Client.csproj", "{EF03761B-DA64-4283-B64C-8D2D065756B8}"
EndProject
Project("{FAE04EC0-301F-11D3-BF4B-00C04F79EFBC}") = "EchoLib", "EchoLib\EchoLib.csproj", "{75C31B01-667A-4D30-A9A8-E2088C4CC136}"
EndProject
Project("{FAE04EC0-301F-11D3-BF4B-00C04F79EFBC}") = "GuiClient", "GuiClient\GuiClient.csproj", "{95826EB4-E4FB-4AE6-BDEA-AFAD0E26FFBD}"
EndProject
Project("{FAE04EC0-301F-11D3-BF4B-00C04F79EFBC}") = "AvaloniaClient", "AvaloniaClient\AvaloniaClient.csproj", "{FA54C489-5E5C-4DAC-93C9-C9698F854143}"
EndProject
Global
	GlobalSection(SolutionConfigurationPlatforms) = preSolution
		Debug|Any CPU = Debug|Any CPU
		Release|Any CPU = Release|Any CPU
	EndGlobalSection
	GlobalSection(ProjectConfigurationPlatforms) = postSolution
		{53066D1C-E71B-4A01-9E59-A0AD5F50B62D}.Debug|Any CPU.ActiveCfg = Debug|Any CPU
		{53066D1C-E71B-4A01-9E59-A0AD5F50B62D}.Debug|Any CPU.Build.0 = Debug|Any CPU
		{53066D1C-E71B-4A01-9E59-A0AD5F50B62D}.Release|Any CPU.ActiveCfg = Release|Any CPU
		{53066D1C-E71B-4A01-9E59-A0AD5F50B62D}.Release|Any CPU.Build.0 = Release|Any CPU
		{EF03761B-DA64-4283-B64C-8D2D065756B8}.Debug|Any CPU.ActiveCfg = Debug|Any CPU
		{EF03761B-DA64-4283-B64C-8D2D065756B8}.Debug|Any CPU.Build.0 = Debug|Any CPU
		{EF03761B-DA64-4283-B64C-8D2D065756B8}.Release|Any CPU.ActiveCfg = Release|Any CPU
		{EF03761B-DA64-4283-B64C-8D2D065756B8}.Release|Any CPU.Build.0 = Release|Any CPU
		{75C31B01-667A-4D30-A9A8-E2088C4CC136}.Debug|Any CPU.ActiveCfg = Debug|Any CPU
		{75C31B01-667A-4D30-A9A8-E2088C4CC136}.Debug|Any CPU.Build.0 = Debug|Any CPU
		{75C31B01-667A-4D30-A9A8-E2088C4CC136}.Release|Any CPU.ActiveCfg = Release|Any CPU
		{75C31B01-667A-4D30-A9A8-E2088C4CC136}.Release|Any CPU.Build.0 = Release|Any CPU
		{95826EB4-E4FB-4AE6-BDEA-AFAD0E26FFBD}.Debug|Any CPU.ActiveCfg = Debug|Any CPU
		{95826EB4-E4FB-4AE6-BDEA-AFAD0E26FFBD}.Debug|Any CPU.Build.0 = Debug|Any CPU
		{95826EB4-E4FB-4AE6-BDEA-AFAD0E26FFBD}.Release|Any CPU.ActiveCfg = Release|Any CPU
		{95826EB4-E4FB-4AE6-BDEA-AFAD0E26FFBD}.Release|Any CPU.Build.0 = Release|Any CPU
		{FA54C489-5E5C-4DAC-93C9-C9698F854143}.Debug|Any CPU.ActiveCfg = Debug|Any CPU
		{FA54C489-5E5C-4DAC-93C9-C9698F854143}.Debug|Any CPU.Build.0 = Debug|Any CPU
		{FA54C489-5E5C-4DAC-93C9-C9698F854143}.Release|Any CPU.ActiveCfg = Release|Any CPU
		{FA54C489-5E5C-4DAC-93C9-C9698F854143}.Release|Any CPU.Build.0 = Release|Any CPU
	EndGlobalSection
EndGlobal
